
Microsoft Visual Studio Solution File, Format Version 12.00
# Visual Studio 15
VisualStudioVersion = 15.0.27703.2047
MinimumVisualStudioVersion = 10.0.40219.1
Project("{8BC9CEB8-8B4A-11D0-8D11-00A0C91BC942}") = "ecf", "ecf\ecf.vcxproj", "{62964FB4-0F33-4F56-8FEE-626DA0431F16}"
EndProject
Global
	GlobalSection(SolutionConfigurationPlatforms) = preSolution
		Debug|x64 = Debug|x64
		Debug|x86 = Debug|x86
		Release|x64 = Release|x64
		Release|x86 = Release|x86
	EndGlobalSection
	GlobalSection(ProjectConfigurationPlatforms) = postSolution
		{62964FB4-0F33-4F56-8FEE-626DA0431F16}.Debug|x64.ActiveCfg = Debug|x64
		{62964FB4-0F33-4F56-8FEE-626DA0431F16}.Debug|x64.Build.0 = Debug|x64
		{62964FB4-0F33-4F56-8FEE-626DA0431F16}.Debug|x86.ActiveCfg = Debug|Win32
		{62964FB4-0F33-4F56-8FEE-626DA0431F16}.Debug|x86.Build.0 = Debug|Win32
		{62964FB4-0F33-4F56-8FEE-626DA0431F16}.Release|x64.ActiveCfg = Release|x64
		{62964FB4-0F33-4F56-8FEE-626DA0431F16}.Release|x64.Build.0 = Release|x64
		{62964FB4-0F33-4F56-8FEE-626DA0431F16}.Release|x86.ActiveCfg = Release|Win32
		{62964FB4-0F33-4F56-8FEE-626DA0431F16}.Release|x86.Build.0 = Release|Win32
	EndGlobalSection
	GlobalSection(SolutionProperties) = preSolution
		HideSolutionNode = FALSE
	EndGlobalSection
	GlobalSection(ExtensibilityGlobals) = postSolution
		SolutionGuid = {EB68E78C-53FB-4A9A-B964-E703D8829D9B}
	EndGlobalSection
EndGlobal
